{
  "name": "bot-trees",
  "version": "1.0.0",
  "lockfileVersion": 1,
  "requires": true,
  "dependencies": {
    "async": {
      "version": "1.5.2",
      "resolved": "https://registry.npmjs.org/async/-/async-1.5.2.tgz",
      "integrity": "sha1-7GphrlZIDAw8skHJVhjiCJL5Zyo="
    },
    "base64url": {
      "version": "2.0.0",
      "resolved": "https://registry.npmjs.org/base64url/-/base64url-2.0.0.tgz",
      "integrity": "sha1-6sFuA+oUOO/5Qj1puqNiYu0fcLs="
    },
    "bot-graph-dialog": {
      "version": "3.8.4",
      "resolved": "https://registry.npmjs.org/bot-graph-dialog/-/bot-graph-dialog-3.8.4.tgz",
      "integrity": "sha512-rMqT3keAcaPvSGdXGgamvJcfCJMUL9wsF0Aiuil/AAL6RAWIl+W4Sox3OpgQr8pZkJBL9q7XnRx4cPQ6jXt+WA==",
      "requires": {
        "botbuilder": "3.8.4",
        "extend": "3.0.0",
        "jsep": "0.3.0",
        "request-promise": "4.1.1",
        "strformat": "0.0.7",
        "underscore": "1.8.3",
        "uuid": "2.0.3"
      },
      "dependencies": {
        "uuid": {
          "version": "2.0.3",
          "resolved": "https://registry.npmjs.org/uuid/-/uuid-2.0.3.tgz",
          "integrity": "sha1-Z+LoY3lyFVMN/zGOW/nc6/1Hsho="
        }
      }
    },
    "botbuilder": {
      "version": "3.8.4",
      "resolved": "https://registry.npmjs.org/botbuilder/-/botbuilder-3.8.4.tgz",
      "integrity": "sha1-/O3EK5J+zwUMJL5SDBKAgkQ3pwg=",
      "requires": {
        "async": "1.5.2",
        "base64url": "2.0.0",
        "chrono-node": "1.3.4",
        "jsonwebtoken": "7.4.1",
        "promise": "7.1.1",
        "request": "2.74.0",
        "rsa-pem-from-mod-exp": "0.8.4",
        "sprintf-js": "1.1.1",
        "url-join": "1.1.0"
      }
    },
    "buffer-equal-constant-time": {
      "version": "1.0.1",
      "resolved": "https://registry.npmjs.org/buffer-equal-constant-time/-/buffer-equal-constant-time-1.0.1.tgz",
      "integrity": "sha1-+OcRMvf/5uAaXJaXpMbz5I1cyBk="
    },
    "chrono-node": {
      "version": "1.3.4",
      "resolved": "https://registry.npmjs.org/chrono-node/-/chrono-node-1.3.4.tgz",
      "integrity": "sha1-/CqSCGNuCdb9exLZSuJECTfeJL0=",
      "requires": {
        "moment": "2.18.1"
      }
    },
    "ecdsa-sig-formatter": {
      "version": "1.0.9",
      "resolved": "https://registry.npmjs.org/ecdsa-sig-formatter/-/ecdsa-sig-formatter-1.0.9.tgz",
      "integrity": "sha1-S8kmJ07Dtau1AW5+HWCSGsJisqE=",
      "requires": {
        "base64url": "2.0.0",
        "safe-buffer": "5.1.1"
      }
    },
    "express": {
      "version": "4.14.0",
      "resolved": "https://registry.npmjs.org/express/-/express-4.14.0.tgz",
      "integrity": "sha1-we4/Qs3Ikfs9xlCoki1R7IR9DWY=",
      "requires": {
        "accepts": "1.3.3",
        "array-flatten": "1.1.1",
        "content-disposition": "0.5.1",
        "content-type": "1.0.2",
        "cookie": "0.3.1",
        "cookie-signature": "1.0.6",
        "debug": "2.2.0",
        "depd": "1.1.0",
        "encodeurl": "1.0.1",
        "escape-html": "1.0.3",
        "etag": "1.7.0",
        "finalhandler": "0.5.0",
        "fresh": "0.3.0",
        "merge-descriptors": "1.0.1",
        "methods": "1.1.2",
        "on-finished": "2.3.0",
        "parseurl": "1.3.1",
        "path-to-regexp": "0.1.7",
        "proxy-addr": "1.1.2",
        "qs": "6.2.0",
        "range-parser": "1.2.0",
        "send": "0.14.1",
        "serve-static": "1.11.1",
        "type-is": "1.6.13",
        "utils-merge": "1.0.0",
        "vary": "1.1.0"
      },
      "dependencies": {
        "accepts": {
          "version": "1.3.3",
          "resolved": "https://registry.npmjs.org/accepts/-/accepts-1.3.3.tgz",
          "integrity": "sha1-w8p0NJOGSMPg2cHjKN1otiLChMo=",
          "requires": {
            "mime-types": "2.1.11",
            "negotiator": "0.6.1"
          },
          "dependencies": {
            "mime-types": {
              "version": "2.1.11",
              "resolved": "https://registry.npmjs.org/mime-types/-/mime-types-2.1.11.tgz",
              "integrity": "sha1-wlnEcb2oCKhdbNGTtDCl+uRHOzw=",
              "requires": {
                "mime-db": "1.23.0"
              },
              "dependencies": {
                "mime-db": {
                  "version": "1.23.0",
                  "resolved": "https://registry.npmjs.org/mime-db/-/mime-db-1.23.0.tgz",
                  "integrity": "sha1-oxtAcK2uon1zLqMzdApk0OyaZlk="
                }
              }
            },
            "negotiator": {
              "version": "0.6.1",
              "resolved": "https://registry.npmjs.org/negotiator/-/negotiator-0.6.1.tgz",
              "integrity": "sha1-KzJxhOiZIQEXeyhWP7XnECrNDKk="
            }
          }
        },
        "array-flatten": {
          "version": "1.1.1",
          "resolved": "https://registry.npmjs.org/array-flatten/-/array-flatten-1.1.1.tgz",
          "integrity": "sha1-ml9pkFGx5wczKPKgCJaLZOopVdI="
        },
        "content-disposition": {
          "version": "0.5.1",
          "resolved": "https://registry.npmjs.org/content-disposition/-/content-disposition-0.5.1.tgz",
          "integrity": "sha1-h0dsamfI2qh+Muh2Ft+IO6f7Bxs="
        },
        "content-type": {
          "version": "1.0.2",
          "resolved": "https://registry.npmjs.org/content-type/-/content-type-1.0.2.tgz",
          "integrity": "sha1-t9ETrueo3Se9IRM8TcJSnfFyHu0="
        },
        "cookie": {
          "version": "0.3.1",
          "resolved": "https://registry.npmjs.org/cookie/-/cookie-0.3.1.tgz",
          "integrity": "sha1-5+Ch+e9DtMi6klxcWpboBtFoc7s="
        },
        "cookie-signature": {
          "version": "1.0.6",
          "resolved": "https://registry.npmjs.org/cookie-signature/-/cookie-signature-1.0.6.tgz",
          "integrity": "sha1-4wOogrNCzD7oylE6eZmXNNqzriw="
        },
        "debug": {
          "version": "2.2.0",
          "resolved": "https://registry.npmjs.org/debug/-/debug-2.2.0.tgz",
          "integrity": "sha1-+HBX6ZWxofauaklgZkE3vFbwOdo=",
          "requires": {
            "ms": "0.7.1"
          },
          "dependencies": {
            "ms": {
              "version": "0.7.1",
              "resolved": "https://registry.npmjs.org/ms/-/ms-0.7.1.tgz",
              "integrity": "sha1-nNE8A62/8ltl7/3nzoZO6VIBcJg="
            }
          }
        },
        "depd": {
          "version": "1.1.0",
          "resolved": "https://registry.npmjs.org/depd/-/depd-1.1.0.tgz",
          "integrity": "sha1-4b2Cxqq2ztlluXuIsX7T5SjKGMM="
        },
        "encodeurl": {
          "version": "1.0.1",
          "resolved": "https://registry.npmjs.org/encodeurl/-/encodeurl-1.0.1.tgz",
          "integrity": "sha1-eePVhlU0aQn+bw9Fpd5oEDspTSA="
        },
        "escape-html": {
          "version": "1.0.3",
          "resolved": "https://registry.npmjs.org/escape-html/-/escape-html-1.0.3.tgz",
          "integrity": "sha1-Aljq5NPQwJdN4cFpGI7wBR0dGYg="
        },
        "etag": {
          "version": "1.7.0",
          "resolved": "https://registry.npmjs.org/etag/-/etag-1.7.0.tgz",
          "integrity": "sha1-A9MLX2fdbmMtKUXTDWZScxo01dg="
        },
        "finalhandler": {
          "version": "0.5.0",
          "resolved": "https://registry.npmjs.org/finalhandler/-/finalhandler-0.5.0.tgz",
          "integrity": "sha1-6VCKvs6bbbqHGmlCodeRG5GRGsc=",
          "requires": {
            "debug": "2.2.0",
            "escape-html": "1.0.3",
            "on-finished": "2.3.0",
            "statuses": "1.3.0",
            "unpipe": "1.0.0"
          },
          "dependencies": {
            "statuses": {
              "version": "1.3.0",
              "resolved": "https://registry.npmjs.org/statuses/-/statuses-1.3.0.tgz",
              "integrity": "sha1-jlV1jLIOdoLB9Pzo3KswvwHR4Ho="
            },
            "unpipe": {
              "version": "1.0.0",
              "resolved": "https://registry.npmjs.org/unpipe/-/unpipe-1.0.0.tgz",
              "integrity": "sha1-sr9O6FFKrmFltIF4KdIbLvSZBOw="
            }
          }
        },
        "fresh": {
          "version": "0.3.0",
          "resolved": "https://registry.npmjs.org/fresh/-/fresh-0.3.0.tgz",
          "integrity": "sha1-ZR+DjiJCTnVm3hYdg1jKoZn4PU8="
        },
        "merge-descriptors": {
          "version": "1.0.1",
          "resolved": "https://registry.npmjs.org/merge-descriptors/-/merge-descriptors-1.0.1.tgz",
          "integrity": "sha1-sAqqVW3YtEVoFQ7J0blT8/kMu2E="
        },
        "methods": {
          "version": "1.1.2",
          "resolved": "https://registry.npmjs.org/methods/-/methods-1.1.2.tgz",
          "integrity": "sha1-VSmk1nZUE07cxSZmVoNbD4Ua/O4="
        },
        "on-finished": {
          "version": "2.3.0",
          "resolved": "https://registry.npmjs.org/on-finished/-/on-finished-2.3.0.tgz",
          "integrity": "sha1-IPEzZIGwg811M3mSoWlxqi2QaUc=",
          "requires": {
            "ee-first": "1.1.1"
          },
          "dependencies": {
            "ee-first": {
              "version": "1.1.1",
              "resolved": "https://registry.npmjs.org/ee-first/-/ee-first-1.1.1.tgz",
              "integrity": "sha1-WQxhFWsK4vTwJVcyoViyZrxWsh0="
            }
          }
        },
        "parseurl": {
          "version": "1.3.1",
          "resolved": "https://registry.npmjs.org/parseurl/-/parseurl-1.3.1.tgz",
          "integrity": "sha1-yKuMkiO6NIiKpkopeyiFO+wY2lY="
        },
        "path-to-regexp": {
          "version": "0.1.7",
          "resolved": "https://registry.npmjs.org/path-to-regexp/-/path-to-regexp-0.1.7.tgz",
          "integrity": "sha1-32BBeABfUi8V60SQ5yR6G/qmf4w="
        },
        "proxy-addr": {
          "version": "1.1.2",
          "resolved": "https://registry.npmjs.org/proxy-addr/-/proxy-addr-1.1.2.tgz",
          "integrity": "sha1-tMxfImENlTWCTBI675089zxAujc=",
          "requires": {
            "forwarded": "0.1.0",
            "ipaddr.js": "1.1.1"
          },
          "dependencies": {
            "forwarded": {
              "version": "0.1.0",
              "resolved": "https://registry.npmjs.org/forwarded/-/forwarded-0.1.0.tgz",
              "integrity": "sha1-Ge+YdMSuHCl7zweP3mOgm2aoQ2M="
            },
            "ipaddr.js": {
              "version": "1.1.1",
              "resolved": "https://registry.npmjs.org/ipaddr.js/-/ipaddr.js-1.1.1.tgz",
              "integrity": "sha1-x5HZX1KynBJH1d+AraObinNkcjA="
            }
          }
        },
        "qs": {
          "version": "6.2.0",
          "resolved": "https://registry.npmjs.org/qs/-/qs-6.2.0.tgz",
          "integrity": "sha1-O3hIwDwt7OaalSKw+ujEEm10Xzs="
        },
        "range-parser": {
          "version": "1.2.0",
          "resolved": "https://registry.npmjs.org/range-parser/-/range-parser-1.2.0.tgz",
          "integrity": "sha1-9JvmtIeJTdxA3MlKMi9hEJLgDV4="
        },
        "send": {
          "version": "0.14.1",
          "resolved": "https://registry.npmjs.org/send/-/send-0.14.1.tgz",
          "integrity": "sha1-qVSYQyU5L1FTKndgdg5FlZjIn3o=",
          "requires": {
            "debug": "2.2.0",
            "depd": "1.1.0",
            "destroy": "1.0.4",
            "encodeurl": "1.0.1",
            "escape-html": "1.0.3",
            "etag": "1.7.0",
            "fresh": "0.3.0",
            "http-errors": "1.5.0",
            "mime": "1.3.4",
            "ms": "0.7.1",
            "on-finished": "2.3.0",
            "range-parser": "1.2.0",
            "statuses": "1.3.0"
          },
          "dependencies": {
            "destroy": {
              "version": "1.0.4",
              "resolved": "https://registry.npmjs.org/destroy/-/destroy-1.0.4.tgz",
              "integrity": "sha1-l4hXRCxEdJ5CBmE+N5RiBYJqvYA="
            },
            "http-errors": {
              "version": "1.5.0",
              "resolved": "https://registry.npmjs.org/http-errors/-/http-errors-1.5.0.tgz",
              "integrity": "sha1-scs9gmD9jiOGytMYkEWUM3LUghE=",
              "requires": {
                "inherits": "2.0.1",
                "setprototypeof": "1.0.1",
                "statuses": "1.3.0"
              },
              "dependencies": {
                "inherits": {
                  "version": "2.0.1",
                  "resolved": "https://registry.npmjs.org/inherits/-/inherits-2.0.1.tgz",
                  "integrity": "sha1-sX0I0ya0Qj5Wjv9xn5GwscvfafE="
                },
                "setprototypeof": {
                  "version": "1.0.1",
                  "resolved": "https://registry.npmjs.org/setprototypeof/-/setprototypeof-1.0.1.tgz",
                  "integrity": "sha1-UgCbJ4iMTcSPWRlJwKgnWDTByn4="
                }
              }
            },
            "mime": {
              "version": "1.3.4",
              "resolved": "https://registry.npmjs.org/mime/-/mime-1.3.4.tgz",
              "integrity": "sha1-EV+eO2s9rylZmDyzjxSaLUDrXVM="
            },
            "ms": {
              "version": "0.7.1",
              "resolved": "https://registry.npmjs.org/ms/-/ms-0.7.1.tgz",
              "integrity": "sha1-nNE8A62/8ltl7/3nzoZO6VIBcJg="
            },
            "statuses": {
              "version": "1.3.0",
              "resolved": "https://registry.npmjs.org/statuses/-/statuses-1.3.0.tgz",
              "integrity": "sha1-jlV1jLIOdoLB9Pzo3KswvwHR4Ho="
            }
          }
        },
        "serve-static": {
          "version": "1.11.1",
          "resolved": "https://registry.npmjs.org/serve-static/-/serve-static-1.11.1.tgz",
          "integrity": "sha1-1sznaTUF9zPHWd5Xvvwa92wPCAU=",
          "requires": {
            "encodeurl": "1.0.1",
            "escape-html": "1.0.3",
            "parseurl": "1.3.1",
            "send": "0.14.1"
          }
        },
        "type-is": {
          "version": "1.6.13",
          "resolved": "https://registry.npmjs.org/type-is/-/type-is-1.6.13.tgz",
          "integrity": "sha1-boO6e8MM0zp7sLf7AHN6IIW/nQg=",
          "requires": {
            "media-typer": "0.3.0",
            "mime-types": "2.1.11"
          },
          "dependencies": {
            "media-typer": {
              "version": "0.3.0",
              "resolved": "https://registry.npmjs.org/media-typer/-/media-typer-0.3.0.tgz",
              "integrity": "sha1-hxDXrwqmJvj/+hzgAWhUUmMlV0g="
            },
            "mime-types": {
              "version": "2.1.11",
              "resolved": "https://registry.npmjs.org/mime-types/-/mime-types-2.1.11.tgz",
              "integrity": "sha1-wlnEcb2oCKhdbNGTtDCl+uRHOzw=",
              "requires": {
                "mime-db": "1.23.0"
              },
              "dependencies": {
                "mime-db": {
                  "version": "1.23.0",
                  "resolved": "https://registry.npmjs.org/mime-db/-/mime-db-1.23.0.tgz",
                  "integrity": "sha1-oxtAcK2uon1zLqMzdApk0OyaZlk="
                }
              }
            }
          }
        },
        "utils-merge": {
          "version": "1.0.0",
          "resolved": "https://registry.npmjs.org/utils-merge/-/utils-merge-1.0.0.tgz",
          "integrity": "sha1-ApT7kiu5N1FTVBxPcJYjHyh8ivg="
        },
        "vary": {
          "version": "1.1.0",
          "resolved": "https://registry.npmjs.org/vary/-/vary-1.1.0.tgz",
          "integrity": "sha1-4eWv+70WrnaN0mdDlLmtMCJlMUA="
        }
      }
    },
    "extend": {
      "version": "3.0.0",
      "resolved": "https://registry.npmjs.org/extend/-/extend-3.0.0.tgz",
      "integrity": "sha1-WkdDU7nzNT3dgXbf03uRyDpG8dQ="
    },
    "hoek": {
      "version": "2.16.3",
      "resolved": "https://registry.npmjs.org/hoek/-/hoek-2.16.3.tgz",
      "integrity": "sha1-ILt0A9POo5jpHcRxCo/xuCdKJe0="
    },
    "isemail": {
      "version": "1.2.0",
      "resolved": "https://registry.npmjs.org/isemail/-/isemail-1.2.0.tgz",
      "integrity": "sha1-vgPfjMPineTSxd9lASY/H6RZXpo="
    },
    "joi": {
      "version": "6.10.1",
      "resolved": "https://registry.npmjs.org/joi/-/joi-6.10.1.tgz",
      "integrity": "sha1-TVDDGAeRIgAP5fFq8f+OGRe3fgY=",
      "requires": {
        "hoek": "2.16.3",
        "isemail": "1.2.0",
        "moment": "2.18.1",
        "topo": "1.1.0"
      }
    },
    "jsep": {
      "version": "0.3.0",
      "resolved": "https://registry.npmjs.org/jsep/-/jsep-0.3.0.tgz",
      "integrity": "sha1-/wF4E+rGmAnaXFZm1um/UnAOGss="
    },
    "jsonwebtoken": {
      "version": "7.4.1",
      "resolved": "https://registry.npmjs.org/jsonwebtoken/-/jsonwebtoken-7.4.1.tgz",
      "integrity": "sha1-fKMk9SFfi+A5zTWmxFu4y3SkSPs=",
      "requires": {
        "joi": "6.10.1",
        "jws": "3.1.4",
        "lodash.once": "4.1.1",
        "ms": "2.0.0",
        "xtend": "4.0.1"
      }
    },
    "jwa": {
      "version": "1.1.5",
      "resolved": "https://registry.npmjs.org/jwa/-/jwa-1.1.5.tgz",
      "integrity": "sha1-oFUs4CIHQs1S4VN3SjKQXDDnVuU=",
      "requires": {
        "base64url": "2.0.0",
        "buffer-equal-constant-time": "1.0.1",
        "ecdsa-sig-formatter": "1.0.9",
        "safe-buffer": "5.1.1"
      }
    },
    "jws": {
      "version": "3.1.4",
      "resolved": "https://registry.npmjs.org/jws/-/jws-3.1.4.tgz",
      "integrity": "sha1-+ei5M46KhHJ31kRLFGT2GIDgUKI=",
      "requires": {
        "base64url": "2.0.0",
        "jwa": "1.1.5",
        "safe-buffer": "5.1.1"
      }
    },
    "lodash.once": {
      "version": "4.1.1",
      "resolved": "https://registry.npmjs.org/lodash.once/-/lodash.once-4.1.1.tgz",
      "integrity": "sha1-DdOXEhPHxW34gJd9UEyI+0cal6w="
    },
    "moment": {
      "version": "2.18.1",
      "resolved": "https://registry.npmjs.org/moment/-/moment-2.18.1.tgz",
      "integrity": "sha1-w2GT3Tzhwu7SrbfIAtu8d6gbHA8="
    },
    "ms": {
      "version": "2.0.0",
      "resolved": "https://registry.npmjs.org/ms/-/ms-2.0.0.tgz",
      "integrity": "sha1-VgiurfwAvmwpAd9fmGF4jeDVl8g="
    },
    "nconf": {
      "version": "0.8.4",
      "resolved": "https://registry.npmjs.org/nconf/-/nconf-0.8.4.tgz",
      "integrity": "sha1-lQIjT3rWI4yrf5LXwGjCBDTT/5M=",
      "requires": {
        "async": "1.5.2",
        "ini": "1.3.4",
        "secure-keys": "1.0.0",
        "yargs": "3.32.0"
      },
      "dependencies": {
        "async": {
          "version": "1.5.2",
          "resolved": "https://registry.npmjs.org/async/-/async-1.5.2.tgz",
          "integrity": "sha1-7GphrlZIDAw8skHJVhjiCJL5Zyo="
        },
        "ini": {
          "version": "1.3.4",
          "resolved": "https://registry.npmjs.org/ini/-/ini-1.3.4.tgz",
          "integrity": "sha1-BTfLedr1m1mhpRff9wbIbsA5Fi4="
        },
        "secure-keys": {
          "version": "1.0.0",
          "resolved": "https://registry.npmjs.org/secure-keys/-/secure-keys-1.0.0.tgz",
          "integrity": "sha1-8MgtmKOxOah3aogIBQuCRDEIf8o="
        },
        "yargs": {
          "version": "3.32.0",
          "resolved": "https://registry.npmjs.org/yargs/-/yargs-3.32.0.tgz",
          "integrity": "sha1-AwiOnr+edWtpdRYR0qXvWRSCyZU=",
          "requires": {
            "camelcase": "2.1.1",
            "cliui": "3.2.0",
            "decamelize": "1.2.0",
            "os-locale": "1.4.0",
            "string-width": "1.0.1",
            "window-size": "0.1.4",
            "y18n": "3.2.1"
          },
          "dependencies": {
            "camelcase": {
              "version": "2.1.1",
              "resolved": "https://registry.npmjs.org/camelcase/-/camelcase-2.1.1.tgz",
              "integrity": "sha1-fB0W1nmhu+WcoCys7PsBHiAfWh8="
            },
            "cliui": {
              "version": "3.2.0",
              "resolved": "https://registry.npmjs.org/cliui/-/cliui-3.2.0.tgz",
              "integrity": "sha1-EgYBU3qRbSmUD5NNo7SNWFo5IT0=",
              "requires": {
                "string-width": "1.0.1",
                "strip-ansi": "3.0.1",
                "wrap-ansi": "2.0.0"
              },
              "dependencies": {
                "strip-ansi": {
                  "version": "3.0.1",
                  "resolved": "https://registry.npmjs.org/strip-ansi/-/strip-ansi-3.0.1.tgz",
                  "integrity": "sha1-ajhfuIU9lS1f8F0Oiq+UJ43GPc8=",
                  "requires": {
                    "ansi-regex": "2.0.0"
                  },
                  "dependencies": {
                    "ansi-regex": {
                      "version": "2.0.0",
                      "resolved": "https://registry.npmjs.org/ansi-regex/-/ansi-regex-2.0.0.tgz",
                      "integrity": "sha1-xQYbbg74qBd15Q9dZhUb9r83EQc="
                    }
                  }
                },
                "wrap-ansi": {
                  "version": "2.0.0",
                  "resolved": "https://registry.npmjs.org/wrap-ansi/-/wrap-ansi-2.0.0.tgz",
                  "integrity": "sha1-fTD4+HP5pbvDpk2ryNF34HGuQm8=",
                  "requires": {
                    "string-width": "1.0.1"
                  }
                }
              }
            },
            "decamelize": {
              "version": "1.2.0",
              "resolved": "https://registry.npmjs.org/decamelize/-/decamelize-1.2.0.tgz",
              "integrity": "sha1-9lNNFRSCabIDUue+4m9QH5oZEpA="
            },
            "os-locale": {
              "version": "1.4.0",
              "resolved": "https://registry.npmjs.org/os-locale/-/os-locale-1.4.0.tgz",
              "integrity": "sha1-IPnxeuKe00XoveWDsT0gCYA8FNk=",
              "requires": {
                "lcid": "1.0.0"
              },
              "dependencies": {
                "lcid": {
                  "version": "1.0.0",
                  "resolved": "https://registry.npmjs.org/lcid/-/lcid-1.0.0.tgz",
                  "integrity": "sha1-MIrMr6C8SDo4Z7S28rlQYlHRuDU=",
                  "requires": {
                    "invert-kv": "1.0.0"
                  },
                  "dependencies": {
                    "invert-kv": {
                      "version": "1.0.0",
                      "resolved": "https://registry.npmjs.org/invert-kv/-/invert-kv-1.0.0.tgz",
                      "integrity": "sha1-EEqOSqym09jNFXqO+L+rLXo//bY="
                    }
                  }
                }
              }
            },
            "string-width": {
              "version": "1.0.1",
              "resolved": "https://registry.npmjs.org/string-width/-/string-width-1.0.1.tgz",
              "integrity": "sha1-ySEptvHX9SrPmvQkom44ZKBc6wo=",
              "requires": {
                "code-point-at": "1.0.0",
                "is-fullwidth-code-point": "1.0.0",
                "strip-ansi": "3.0.1"
              },
              "dependencies": {
                "code-point-at": {
                  "version": "1.0.0",
                  "resolved": "https://registry.npmjs.org/code-point-at/-/code-point-at-1.0.0.tgz",
                  "integrity": "sha1-9psZLT99keOC5Lcb3bd4eGGasMY=",
                  "requires": {
                    "number-is-nan": "1.0.0"
                  },
                  "dependencies": {
                    "number-is-nan": {
                      "version": "1.0.0",
                      "resolved": "https://registry.npmjs.org/number-is-nan/-/number-is-nan-1.0.0.tgz",
                      "integrity": "sha1-wCD1KcUoKt/dIz2R1LGBw9aG3Es="
                    }
                  }
                },
                "is-fullwidth-code-point": {
                  "version": "1.0.0",
                  "resolved": "https://registry.npmjs.org/is-fullwidth-code-point/-/is-fullwidth-code-point-1.0.0.tgz",
                  "integrity": "sha1-754xOG8DGn8NZDr4L95QxFfvAMs=",
                  "requires": {
                    "number-is-nan": "1.0.0"
                  },
                  "dependencies": {
                    "number-is-nan": {
                      "version": "1.0.0",
                      "resolved": "https://registry.npmjs.org/number-is-nan/-/number-is-nan-1.0.0.tgz",
                      "integrity": "sha1-wCD1KcUoKt/dIz2R1LGBw9aG3Es="
                    }
                  }
                },
                "strip-ansi": {
                  "version": "3.0.1",
                  "resolved": "https://registry.npmjs.org/strip-ansi/-/strip-ansi-3.0.1.tgz",
                  "integrity": "sha1-ajhfuIU9lS1f8F0Oiq+UJ43GPc8=",
                  "requires": {
                    "ansi-regex": "2.0.0"
                  },
                  "dependencies": {
                    "ansi-regex": {
                      "version": "2.0.0",
                      "resolved": "https://registry.npmjs.org/ansi-regex/-/ansi-regex-2.0.0.tgz",
                      "integrity": "sha1-xQYbbg74qBd15Q9dZhUb9r83EQc="
                    }
                  }
                }
              }
            },
            "window-size": {
              "version": "0.1.4",
              "resolved": "https://registry.npmjs.org/window-size/-/window-size-0.1.4.tgz",
              "integrity": "sha1-+OGqHuWlPsW/FR/6CXQqatdpeHY="
            },
            "y18n": {
              "version": "3.2.1",
              "resolved": "https://registry.npmjs.org/y18n/-/y18n-3.2.1.tgz",
              "integrity": "sha1-bRX7qITAhnnA136I53WegR4H+kE="
            }
          }
        }
      }
    },
    "promise": {
      "version": "7.1.1",
      "resolved": "https://registry.npmjs.org/promise/-/promise-7.1.1.tgz",
      "integrity": "sha1-SJZUxpJha4qlWwck+oCbt9tJxb8=",
      "requires": {
        "asap": "2.0.4"
      },
      "dependencies": {
        "asap": {
          "version": "2.0.4",
          "resolved": "https://registry.npmjs.org/asap/-/asap-2.0.4.tgz",
          "integrity": "sha1-s5G/f2v7xlcGAi/sj0nEsH/s9Yk="
        }
      }
    },
    "request": {
      "version": "2.74.0",
      "resolved": "https://registry.npmjs.org/request/-/request-2.74.0.tgz",
      "integrity": "sha1-dpPKdou7DqXIzgjAhKRe+gW4kqs=",
      "requires": {
        "aws-sign2": "0.6.0",
        "aws4": "1.4.1",
        "bl": "1.1.2",
        "caseless": "0.11.0",
        "combined-stream": "1.0.5",
        "extend": "3.0.0",
        "forever-agent": "0.6.1",
        "form-data": "1.0.0-rc4",
        "har-validator": "2.0.6",
        "hawk": "3.1.3",
        "http-signature": "1.1.1",
        "is-typedarray": "1.0.0",
        "isstream": "0.1.2",
        "json-stringify-safe": "5.0.1",
        "mime-types": "2.1.11",
        "node-uuid": "1.4.7",
        "oauth-sign": "0.8.2",
        "qs": "6.2.1",
        "stringstream": "0.0.5",
        "tough-cookie": "2.3.1",
        "tunnel-agent": "0.4.3"
      },
      "dependencies": {
        "aws-sign2": {
          "version": "0.6.0",
          "resolved": "https://registry.npmjs.org/aws-sign2/-/aws-sign2-0.6.0.tgz",
          "integrity": "sha1-FDQt0428yU0OW4fXY81jYSwOeU8="
        },
        "aws4": {
          "version": "1.4.1",
          "resolved": "https://registry.npmjs.org/aws4/-/aws4-1.4.1.tgz",
          "integrity": "sha1-/efVKSRm0jDl7g9OA42d+qsI/GE="
        },
        "bl": {
          "version": "1.1.2",
          "resolved": "https://registry.npmjs.org/bl/-/bl-1.1.2.tgz",
          "integrity": "sha1-/cqHGplxOqANGeO7ukHER4emU5g=",
          "requires": {
            "readable-stream": "2.0.6"
          },
          "dependencies": {
            "readable-stream": {
              "version": "2.0.6",
              "resolved": "https://registry.npmjs.org/readable-stream/-/readable-stream-2.0.6.tgz",
              "integrity": "sha1-j5A0HmilPMySh4jaz80Rs265t44=",
              "requires": {
                "core-util-is": "1.0.2",
                "inherits": "2.0.1",
                "isarray": "1.0.0",
                "process-nextick-args": "1.0.7",
                "string_decoder": "0.10.31",
                "util-deprecate": "1.0.2"
              },
              "dependencies": {
                "core-util-is": {
                  "version": "1.0.2",
                  "resolved": "https://registry.npmjs.org/core-util-is/-/core-util-is-1.0.2.tgz",
                  "integrity": "sha1-tf1UIgqivFq1eqtxQMlAdUUDwac="
                },
                "inherits": {
                  "version": "2.0.1",
                  "resolved": "https://registry.npmjs.org/inherits/-/inherits-2.0.1.tgz",
                  "integrity": "sha1-sX0I0ya0Qj5Wjv9xn5GwscvfafE="
                },
                "isarray": {
                  "version": "1.0.0",
                  "resolved": "https://registry.npmjs.org/isarray/-/isarray-1.0.0.tgz",
                  "integrity": "sha1-u5NdSFgsuhaMBoNJV6VKPgcSTxE="
                },
                "process-nextick-args": {
                  "version": "1.0.7",
                  "resolved": "https://registry.npmjs.org/process-nextick-args/-/process-nextick-args-1.0.7.tgz",
                  "integrity": "sha1-FQ4gt1ZZCtP5EJPyWk8q2L/zC6M="
                },
                "string_decoder": {
                  "version": "0.10.31",
                  "resolved": "https://registry.npmjs.org/string_decoder/-/string_decoder-0.10.31.tgz",
                  "integrity": "sha1-YuIDvEF2bGwoyfyEMB2rHFMQ+pQ="
                },
                "util-deprecate": {
                  "version": "1.0.2",
                  "resolved": "https://registry.npmjs.org/util-deprecate/-/util-deprecate-1.0.2.tgz",
                  "integrity": "sha1-RQ1Nyfpw3nMnYvvS1KKJgUGaDM8="
                }
              }
            }
          }
        },
        "caseless": {
          "version": "0.11.0",
          "resolved": "https://registry.npmjs.org/caseless/-/caseless-0.11.0.tgz",
          "integrity": "sha1-cVuW6phBWTzDMGeSP17GDr2k99c="
        },
        "combined-stream": {
          "version": "1.0.5",
          "resolved": "https://registry.npmjs.org/combined-stream/-/combined-stream-1.0.5.tgz",
          "integrity": "sha1-k4NwpXtKUd6ix3wV1cX9+JUWQAk=",
          "requires": {
            "delayed-stream": "1.0.0"
          },
          "dependencies": {
            "delayed-stream": {
              "version": "1.0.0",
              "resolved": "https://registry.npmjs.org/delayed-stream/-/delayed-stream-1.0.0.tgz",
              "integrity": "sha1-3zrhmayt+31ECqrgsp4icrJOxhk="
            }
          }
        },
        "forever-agent": {
          "version": "0.6.1",
          "resolved": "https://registry.npmjs.org/forever-agent/-/forever-agent-0.6.1.tgz",
          "integrity": "sha1-+8cfDEGt6zf5bFd60e1C2P2sypE="
        },
        "form-data": {
          "version": "1.0.0-rc4",
          "resolved": "https://registry.npmjs.org/form-data/-/form-data-1.0.0-rc4.tgz",
          "integrity": "sha1-BaxrwiIntD5EYfSIFhVUaZ1Pi14=",
          "requires": {
            "async": "1.5.2",
            "combined-stream": "1.0.5",
            "mime-types": "2.1.11"
          },
          "dependencies": {
            "async": {
              "version": "1.5.2",
              "resolved": "https://registry.npmjs.org/async/-/async-1.5.2.tgz",
              "integrity": "sha1-7GphrlZIDAw8skHJVhjiCJL5Zyo="
            }
          }
        },
        "har-validator": {
          "version": "2.0.6",
          "resolved": "https://registry.npmjs.org/har-validator/-/har-validator-2.0.6.tgz",
          "integrity": "sha1-zcvAgYgmWtEZtqWnyKtw7s+10n0=",
          "requires": {
            "chalk": "1.1.3",
            "commander": "2.9.0",
            "is-my-json-valid": "2.13.1",
            "pinkie-promise": "2.0.1"
          },
          "dependencies": {
            "chalk": {
              "version": "1.1.3",
              "resolved": "https://registry.npmjs.org/chalk/-/chalk-1.1.3.tgz",
              "integrity": "sha1-qBFcVeSnAv5NFQq9OHKCKn4J/Jg=",
              "requires": {
                "ansi-styles": "2.2.1",
                "escape-string-regexp": "1.0.5",
                "has-ansi": "2.0.0",
                "strip-ansi": "3.0.1",
                "supports-color": "2.0.0"
              },
              "dependencies": {
                "ansi-styles": {
                  "version": "2.2.1",
                  "resolved": "https://registry.npmjs.org/ansi-styles/-/ansi-styles-2.2.1.tgz",
                  "integrity": "sha1-tDLdM1i2NM914eRmQ2gkBTPB3b4="
                },
                "escape-string-regexp": {
                  "version": "1.0.5",
                  "resolved": "https://registry.npmjs.org/escape-string-regexp/-/escape-string-regexp-1.0.5.tgz",
                  "integrity": "sha1-G2HAViGQqN/2rjuyzwIAyhMLhtQ="
                },
                "has-ansi": {
                  "version": "2.0.0",
                  "resolved": "https://registry.npmjs.org/has-ansi/-/has-ansi-2.0.0.tgz",
                  "integrity": "sha1-NPUEnOHs3ysGSa8+8k5F7TVBbZE=",
                  "requires": {
                    "ansi-regex": "2.0.0"
                  },
                  "dependencies": {
                    "ansi-regex": {
                      "version": "2.0.0",
                      "resolved": "https://registry.npmjs.org/ansi-regex/-/ansi-regex-2.0.0.tgz",
                      "integrity": "sha1-xQYbbg74qBd15Q9dZhUb9r83EQc="
                    }
                  }
                },
                "strip-ansi": {
                  "version": "3.0.1",
                  "resolved": "https://registry.npmjs.org/strip-ansi/-/strip-ansi-3.0.1.tgz",
                  "integrity": "sha1-ajhfuIU9lS1f8F0Oiq+UJ43GPc8=",
                  "requires": {
                    "ansi-regex": "2.0.0"
                  },
                  "dependencies": {
                    "ansi-regex": {
                      "version": "2.0.0",
                      "resolved": "https://registry.npmjs.org/ansi-regex/-/ansi-regex-2.0.0.tgz",
                      "integrity": "sha1-xQYbbg74qBd15Q9dZhUb9r83EQc="
                    }
                  }
                },
                "supports-color": {
                  "version": "2.0.0",
                  "resolved": "https://registry.npmjs.org/supports-color/-/supports-color-2.0.0.tgz",
                  "integrity": "sha1-U10EXOa2Nj+kARcIRimZXp3zJMc="
                }
              }
            },
            "commander": {
              "version": "2.9.0",
              "resolved": "https://registry.npmjs.org/commander/-/commander-2.9.0.tgz",
              "integrity": "sha1-nJkJQXbhIkDLItbFFGCYQA/g99Q=",
              "requires": {
                "graceful-readlink": "1.0.1"
              },
              "dependencies": {
                "graceful-readlink": {
                  "version": "1.0.1",
                  "resolved": "https://registry.npmjs.org/graceful-readlink/-/graceful-readlink-1.0.1.tgz",
                  "integrity": "sha1-TK+tdrxi8C+gObL5Tpo906ORpyU="
                }
              }
            },
            "is-my-json-valid": {
              "version": "2.13.1",
              "resolved": "https://registry.npmjs.org/is-my-json-valid/-/is-my-json-valid-2.13.1.tgz",
              "integrity": "sha1-1Vd4qC/rawlj/0vhEdXRaE6JBwc=",
              "requires": {
                "generate-function": "2.0.0",
                "generate-object-property": "1.2.0",
                "jsonpointer": "2.0.0",
                "xtend": "4.0.1"
              },
              "dependencies": {
                "generate-function": {
                  "version": "2.0.0",
                  "resolved": "https://registry.npmjs.org/generate-function/-/generate-function-2.0.0.tgz",
                  "integrity": "sha1-aFj+fAlpt9TpCTM3ZHrHn2DfvnQ="
                },
                "generate-object-property": {
                  "version": "1.2.0",
                  "resolved": "https://registry.npmjs.org/generate-object-property/-/generate-object-property-1.2.0.tgz",
                  "integrity": "sha1-nA4cQDCM6AT0eDYYuTf6iPmdUNA=",
                  "requires": {
                    "is-property": "1.0.2"
                  },
                  "dependencies": {
                    "is-property": {
                      "version": "1.0.2",
                      "resolved": "https://registry.npmjs.org/is-property/-/is-property-1.0.2.tgz",
                      "integrity": "sha1-V/4cTkhHTt1lsJkR8msc1Ald2oQ="
                    }
                  }
                },
                "jsonpointer": {
                  "version": "2.0.0",
                  "resolved": "https://registry.npmjs.org/jsonpointer/-/jsonpointer-2.0.0.tgz",
                  "integrity": "sha1-OvHdIP6FRjkQ1GmjheMwF9KgMNk="
                },
                "xtend": {
                  "version": "4.0.1",
                  "resolved": "https://registry.npmjs.org/xtend/-/xtend-4.0.1.tgz",
                  "integrity": "sha1-pcbVMr5lbiPbgg77lDofBJmNY68="
                }
              }
            },
            "pinkie-promise": {
              "version": "2.0.1",
              "resolved": "https://registry.npmjs.org/pinkie-promise/-/pinkie-promise-2.0.1.tgz",
              "integrity": "sha1-ITXW36ejWMBprJsXh3YogihFD/o=",
              "requires": {
                "pinkie": "2.0.4"
              },
              "dependencies": {
                "pinkie": {
                  "version": "2.0.4",
                  "resolved": "https://registry.npmjs.org/pinkie/-/pinkie-2.0.4.tgz",
                  "integrity": "sha1-clVrgM+g1IqXToDnckjoDtT3+HA="
                }
              }
            }
          }
        },
        "hawk": {
          "version": "3.1.3",
          "resolved": "https://registry.npmjs.org/hawk/-/hawk-3.1.3.tgz",
          "integrity": "sha1-B4REvXwWQLD+VA0sm3PVlnjo4cQ=",
          "requires": {
            "boom": "2.10.1",
            "cryptiles": "2.0.5",
            "hoek": "2.16.3",
            "sntp": "1.0.9"
          },
          "dependencies": {
            "boom": {
              "version": "2.10.1",
              "resolved": "https://registry.npmjs.org/boom/-/boom-2.10.1.tgz",
              "integrity": "sha1-OciRjO/1eZ+D+UkqhI9iWt0Mdm8=",
              "requires": {
                "hoek": "2.16.3"
              }
            },
            "cryptiles": {
              "version": "2.0.5",
              "resolved": "https://registry.npmjs.org/cryptiles/-/cryptiles-2.0.5.tgz",
              "integrity": "sha1-O9/s3GCBR8HGcgL6KR59ylnqo7g=",
              "requires": {
                "boom": "2.10.1"
              }
            },
            "hoek": {
              "version": "2.16.3",
              "resolved": "https://registry.npmjs.org/hoek/-/hoek-2.16.3.tgz",
              "integrity": "sha1-ILt0A9POo5jpHcRxCo/xuCdKJe0="
            },
            "sntp": {
              "version": "1.0.9",
              "resolved": "https://registry.npmjs.org/sntp/-/sntp-1.0.9.tgz",
              "integrity": "sha1-ZUEYTMkK7qbG57NeJlkIJEPGYZg=",
              "requires": {
                "hoek": "2.16.3"
              }
            }
          }
        },
        "http-signature": {
          "version": "1.1.1",
          "resolved": "https://registry.npmjs.org/http-signature/-/http-signature-1.1.1.tgz",
          "integrity": "sha1-33LiZwZs0Kxn+3at+OE0qPvPkb8=",
          "requires": {
            "assert-plus": "0.2.0",
            "jsprim": "1.3.0",
            "sshpk": "1.9.2"
          },
          "dependencies": {
            "assert-plus": {
              "version": "0.2.0",
              "resolved": "https://registry.npmjs.org/assert-plus/-/assert-plus-0.2.0.tgz",
              "integrity": "sha1-104bh+ev/A24qttwIfP+SBAasjQ="
            },
            "jsprim": {
              "version": "1.3.0",
              "resolved": "https://registry.npmjs.org/jsprim/-/jsprim-1.3.0.tgz",
              "integrity": "sha1-zi4b74NSBLTzCZkoxgL4tq5hVlA=",
              "requires": {
                "extsprintf": "1.0.2",
                "json-schema": "0.2.2",
                "verror": "1.3.6"
              },
              "dependencies": {
                "extsprintf": {
                  "version": "1.0.2",
                  "resolved": "https://registry.npmjs.org/extsprintf/-/extsprintf-1.0.2.tgz",
                  "integrity": "sha1-4QgOBljjALBilJkMxw4VAiNf1VA="
                },
                "json-schema": {
                  "version": "0.2.2",
                  "resolved": "https://registry.npmjs.org/json-schema/-/json-schema-0.2.2.tgz",
                  "integrity": "sha1-UDVPGfYDkXxpX3C4Wvp3w7DyNQY="
                },
                "verror": {
                  "version": "1.3.6",
                  "resolved": "https://registry.npmjs.org/verror/-/verror-1.3.6.tgz",
                  "integrity": "sha1-z/XfEpRtKX0rqu+qJoniW+AcAFw=",
                  "requires": {
                    "extsprintf": "1.0.2"
                  }
                }
              }
            },
            "sshpk": {
              "version": "1.9.2",
              "resolved": "https://registry.npmjs.org/sshpk/-/sshpk-1.9.2.tgz",
              "integrity": "sha1-O0E1G7rVw03fS9gRmTfv7jGkZ2U=",
              "requires": {
                "asn1": "0.2.3",
                "assert-plus": "1.0.0",
                "dashdash": "1.14.0",
                "ecc-jsbn": "0.1.1",
                "getpass": "0.1.6",
                "jodid25519": "1.0.2",
                "jsbn": "0.1.0",
                "tweetnacl": "0.13.3"
              },
              "dependencies": {
                "asn1": {
                  "version": "0.2.3",
                  "resolved": "https://registry.npmjs.org/asn1/-/asn1-0.2.3.tgz",
                  "integrity": "sha1-2sh4dxPJlmhJ/IGAd36+nB3fO4Y="
                },
                "assert-plus": {
                  "version": "1.0.0",
                  "resolved": "https://registry.npmjs.org/assert-plus/-/assert-plus-1.0.0.tgz",
                  "integrity": "sha1-8S4PPF13sLHN2RRpQuTpbB5N1SU="
                },
                "dashdash": {
                  "version": "1.14.0",
                  "resolved": "https://registry.npmjs.org/dashdash/-/dashdash-1.14.0.tgz",
                  "integrity": "sha1-KeSGxUGL8PNWA0qZPVFoajPoQUE=",
                  "requires": {
                    "assert-plus": "1.0.0"
                  }
                },
                "ecc-jsbn": {
                  "version": "0.1.1",
                  "resolved": "https://registry.npmjs.org/ecc-jsbn/-/ecc-jsbn-0.1.1.tgz",
                  "integrity": "sha1-D8c6ntXw1Tw4GTOYUj735UN3dQU=",
                  "optional": true,
                  "requires": {
                    "jsbn": "0.1.0"
                  }
                },
                "getpass": {
                  "version": "0.1.6",
                  "resolved": "https://registry.npmjs.org/getpass/-/getpass-0.1.6.tgz",
                  "integrity": "sha1-KD/9n8ElaECHUxHBtg6MQBhxEOY=",
                  "requires": {
                    "assert-plus": "1.0.0"
                  }
                },
                "jodid25519": {
                  "version": "1.0.2",
                  "resolved": "https://registry.npmjs.org/jodid25519/-/jodid25519-1.0.2.tgz",
                  "integrity": "sha1-BtSRIlUJNBlHfUJWM2BuDpB4KWc=",
                  "optional": true,
                  "requires": {
                    "jsbn": "0.1.0"
                  }
                },
                "jsbn": {
                  "version": "0.1.0",
                  "resolved": "https://registry.npmjs.org/jsbn/-/jsbn-0.1.0.tgz",
                  "integrity": "sha1-ZQmH2g3XT06/WhE3eiqi0nPpff0=",
                  "optional": true
                },
                "tweetnacl": {
                  "version": "0.13.3",
                  "resolved": "https://registry.npmjs.org/tweetnacl/-/tweetnacl-0.13.3.tgz",
                  "integrity": "sha1-1ii1bzvMPVrnS6nUwacE3vWrS1Y=",
                  "optional": true
                }
              }
            }
          }
        },
        "is-typedarray": {
          "version": "1.0.0",
          "resolved": "https://registry.npmjs.org/is-typedarray/-/is-typedarray-1.0.0.tgz",
          "integrity": "sha1-5HnICFjfDBsR3dppQPlgEfzaSpo="
        },
        "isstream": {
          "version": "0.1.2",
          "resolved": "https://registry.npmjs.org/isstream/-/isstream-0.1.2.tgz",
          "integrity": "sha1-R+Y/evVa+m+S4VAOaQ64uFKcCZo="
        },
        "json-stringify-safe": {
          "version": "5.0.1",
          "resolved": "https://registry.npmjs.org/json-stringify-safe/-/json-stringify-safe-5.0.1.tgz",
          "integrity": "sha1-Epai1Y/UXxmg9s4B1lcB4sc1tus="
        },
        "mime-types": {
          "version": "2.1.11",
          "resolved": "https://registry.npmjs.org/mime-types/-/mime-types-2.1.11.tgz",
          "integrity": "sha1-wlnEcb2oCKhdbNGTtDCl+uRHOzw=",
          "requires": {
            "mime-db": "1.23.0"
          },
          "dependencies": {
            "mime-db": {
              "version": "1.23.0",
              "resolved": "https://registry.npmjs.org/mime-db/-/mime-db-1.23.0.tgz",
              "integrity": "sha1-oxtAcK2uon1zLqMzdApk0OyaZlk="
            }
          }
        },
        "node-uuid": {
          "version": "1.4.7",
          "resolved": "https://registry.npmjs.org/node-uuid/-/node-uuid-1.4.7.tgz",
          "integrity": "sha1-baWhdmjEs91ZYjvaEc9/pMH2Cm8="
        },
        "oauth-sign": {
          "version": "0.8.2",
          "resolved": "https://registry.npmjs.org/oauth-sign/-/oauth-sign-0.8.2.tgz",
          "integrity": "sha1-Rqarfwrq2N6unsBWV4C31O/rnUM="
        },
        "qs": {
          "version": "6.2.1",
          "resolved": "https://registry.npmjs.org/qs/-/qs-6.2.1.tgz",
          "integrity": "sha1-zgPF/wk1vB2daanxTL0Y5WjWdiU="
        },
        "stringstream": {
          "version": "0.0.5",
          "resolved": "https://registry.npmjs.org/stringstream/-/stringstream-0.0.5.tgz",
          "integrity": "sha1-TkhM1N5aC7vuGORjB3EKioFiGHg="
        },
        "tough-cookie": {
          "version": "2.3.1",
          "resolved": "https://registry.npmjs.org/tough-cookie/-/tough-cookie-2.3.1.tgz",
          "integrity": "sha1-mcd9+7fYBCSeiimdTLD9gf7wg/0="
        },
        "tunnel-agent": {
          "version": "0.4.3",
          "resolved": "https://registry.npmjs.org/tunnel-agent/-/tunnel-agent-0.4.3.tgz",
          "integrity": "sha1-Y3PbdpCf5XDgjXNYM2Xtgop07us="
        }
      }
    },
    "request-promise": {
      "version": "4.1.1",
      "resolved": "https://registry.npmjs.org/request-promise/-/request-promise-4.1.1.tgz",
      "integrity": "sha1-JgIeT29W/Uwwn2vx69jJepWsH7U=",
      "requires": {
        "bluebird": "3.4.1",
        "request-promise-core": "1.1.1",
        "stealthy-require": "1.0.0"
      },
      "dependencies": {
        "bluebird": {
          "version": "3.4.1",
          "resolved": "https://registry.npmjs.org/bluebird/-/bluebird-3.4.1.tgz",
          "integrity": "sha1-tzHd9I4t077awudeEhWhG8uR+gc="
        },
        "request-promise-core": {
          "version": "1.1.1",
          "resolved": "https://registry.npmjs.org/request-promise-core/-/request-promise-core-1.1.1.tgz",
          "integrity": "sha1-Pu4AssWqgyOc+wTFcA2jb4HNCLY=",
          "requires": {
            "lodash": "4.14.2"
          },
          "dependencies": {
            "lodash": {
              "version": "4.14.2",
              "resolved": "https://registry.npmjs.org/lodash/-/lodash-4.14.2.tgz",
              "integrity": "sha1-u8zOY3OkAPv9CoxnykL20e9BZDI="
            }
          }
        },
        "stealthy-require": {
          "version": "1.0.0",
          "resolved": "https://registry.npmjs.org/stealthy-require/-/stealthy-require-1.0.0.tgz",
          "integrity": "sha1-Go7Y/BmotWJo929aGj44MrDCYgA="
        }
      }
    },
    "rsa-pem-from-mod-exp": {
      "version": "0.8.4",
      "resolved": "https://registry.npmjs.org/rsa-pem-from-mod-exp/-/rsa-pem-from-mod-exp-0.8.4.tgz",
      "integrity": "sha1-NipCxtMEBW1JOz8SvOq7LGV2ptQ="
    },
    "safe-buffer": {
      "version": "5.1.1",
      "resolved": "https://registry.npmjs.org/safe-buffer/-/safe-buffer-5.1.1.tgz",
      "integrity": "sha512-kKvNJn6Mm93gAczWVJg7wH+wGYWNrDHdWvpUmHyEsgCtIwwo3bqPtV4tR5tuPaUhTOo/kvhVwd8XwwOllGYkbg=="
    },
    "sprintf-js": {
      "version": "1.1.1",
      "resolved": "https://registry.npmjs.org/sprintf-js/-/sprintf-js-1.1.1.tgz",
      "integrity": "sha1-Nr54Mgr+WAH2zqPueLblqrlA6gw="
    },
    "strformat": {
      "version": "0.0.7",
      "resolved": "https://registry.npmjs.org/strformat/-/strformat-0.0.7.tgz",
      "integrity": "sha1-i2O+wZlXaLuaW8YAdPTN3/BEpMQ="
    },
    "topo": {
      "version": "1.1.0",
      "resolved": "https://registry.npmjs.org/topo/-/topo-1.1.0.tgz",
      "integrity": "sha1-6ddRYV0buH3IZdsYL6HKCl71NtU=",
      "requires": {
        "hoek": "2.16.3"
      }
    },
    "underscore": {
      "version": "1.8.3",
      "resolved": "https://registry.npmjs.org/underscore/-/underscore-1.8.3.tgz",
      "integrity": "sha1-Tz+1OxBuYJf8+ctBCfKl6b36UCI="
    },
    "url-join": {
      "version": "1.1.0",
      "resolved": "https://registry.npmjs.org/url-join/-/url-join-1.1.0.tgz",
      "integrity": "sha1-dBxsL0WWxIMNZxhGCSDQySIC3Hg="
    },
    "uuid": {
      "version": "3.0.0",
      "resolved": "https://registry.npmjs.org/uuid/-/uuid-3.0.0.tgz",
      "integrity": "sha1-Zyj8BFnEUNeWqZwxg3VpvfZy1yg="
    },
    "xtend": {
      "version": "4.0.1",
      "resolved": "https://registry.npmjs.org/xtend/-/xtend-4.0.1.tgz",
      "integrity": "sha1-pcbVMr5lbiPbgg77lDofBJmNY68="
    }
  }
}
